{
  "name": "gardenia",
  "lockfileVersion": 3,
  "requires": true,
  "packages": {
    "": {
      "dependencies": {
        "my-puter-sdk": "^1.0.0"
      }
    },
    "node_modules/my-puter-sdk": {
      "version": "1.0.0",
      "resolved": "https://registry.npmjs.org/my-puter-sdk/-/my-puter-sdk-1.0.0.tgz",
      "integrity": "sha512-fg2EsKwE8jSdszTpGaBcStMu90R0bDUZe8HEqXpeMgM9UWcbW6mlPwP0Y6jnIfnlMuP5bM1LA4WfGyCH2siIqw==",
      "license": "MIT"
    }
  }
}
